
Microsoft Visual Studio Solution File, Format Version 12.00
# Visual Studio Version 16
VisualStudioVersion = 16.0.30413.136
MinimumVisualStudioVersion = 10.0.40219.1
Project("{9A19103F-16F7-4668-BE54-9A1E7A4F7556}") = "WebApiAzure", "WebApiAzure.csproj", "{54A8FE97-8A4E-402B-B8BC-159440D9F1E4}"
	ProjectSection(ProjectDependencies) = postProject
		{4BA395AE-24C1-42F5-8773-EFB1AD3A47FC} = {4BA395AE-24C1-42F5-8773-EFB1AD3A47FC}
	EndProjectSection
EndProject
Project("{9A19103F-16F7-4668-BE54-9A1E7A4F7556}") = "LoggerService", "..\LoggerService\LoggerService.csproj", "{4BA395AE-24C1-42F5-8773-EFB1AD3A47FC}"
EndProject
Global
	GlobalSection(SolutionConfigurationPlatforms) = preSolution
		Debug|Any CPU = Debug|Any CPU
		Release|Any CPU = Release|Any CPU
	EndGlobalSection
	GlobalSection(ProjectConfigurationPlatforms) = postSolution
		{54A8FE97-8A4E-402B-B8BC-159440D9F1E4}.Debug|Any CPU.ActiveCfg = Debug|Any CPU
		{54A8FE97-8A4E-402B-B8BC-159440D9F1E4}.Debug|Any CPU.Build.0 = Debug|Any CPU
		{54A8FE97-8A4E-402B-B8BC-159440D9F1E4}.Release|Any CPU.ActiveCfg = Release|Any CPU
		{54A8FE97-8A4E-402B-B8BC-159440D9F1E4}.Release|Any CPU.Build.0 = Release|Any CPU
		{4BA395AE-24C1-42F5-8773-EFB1AD3A47FC}.Debug|Any CPU.ActiveCfg = Debug|Any CPU
		{4BA395AE-24C1-42F5-8773-EFB1AD3A47FC}.Debug|Any CPU.Build.0 = Debug|Any CPU
		{4BA395AE-24C1-42F5-8773-EFB1AD3A47FC}.Release|Any CPU.ActiveCfg = Release|Any CPU
		{4BA395AE-24C1-42F5-8773-EFB1AD3A47FC}.Release|Any CPU.Build.0 = Release|Any CPU
	EndGlobalSection
	GlobalSection(SolutionProperties) = preSolution
		HideSolutionNode = FALSE
	EndGlobalSection
	GlobalSection(ExtensibilityGlobals) = postSolution
		SolutionGuid = {F7015887-9EE1-48D9-9D55-D2FF2F6B87EE}
	EndGlobalSection
EndGlobal
